
Microsoft Visual Studio Solution File, Format Version 12.00
# Visual Studio Version 17
VisualStudioVersion = 17.7.34024.191
MinimumVisualStudioVersion = 10.0.40219.1
Project("{FAE04EC0-301F-11D3-BF4B-00C04F79EFBC}") = "EasyWord", "EasyWord\EasyWord.csproj", "{0437B173-9C40-4766-8CDA-5B75D92ECD19}"
EndProject
Global
	GlobalSection(SolutionConfigurationPlatforms) = preSolution
		Debug|Any CPU = Debug|Any CPU
		Release|Any CPU = Release|Any CPU
	EndGlobalSection
	GlobalSection(ProjectConfigurationPlatforms) = postSolution
		{0437B173-9C40-4766-8CDA-5B75D92ECD19}.Debug|Any CPU.ActiveCfg = Debug|Any CPU
		{0437B173-9C40-4766-8CDA-5B75D92ECD19}.Debug|Any CPU.Build.0 = Debug|Any CPU
		{0437B173-9C40-4766-8CDA-5B75D92ECD19}.Release|Any CPU.ActiveCfg = Release|Any CPU
		{0437B173-9C40-4766-8CDA-5B75D92ECD19}.Release|Any CPU.Build.0 = Release|Any CPU
	EndGlobalSection
	GlobalSection(SolutionProperties) = preSolution
		HideSolutionNode = FALSE
	EndGlobalSection
	GlobalSection(ExtensibilityGlobals) = postSolution
		SolutionGuid = {DDD57BCF-6DD8-44BE-89D2-06C5A9D861E1}
	EndGlobalSection
EndGlobal
